
Microsoft Visual Studio Solution File, Format Version 12.00
# Visual Studio Version 17
VisualStudioVersion = 17.3.32825.248
MinimumVisualStudioVersion = 10.0.40219.1
Project("{9A19103F-16F7-4668-BE54-9A1E7A4F7556}") = "Lab_1_sem_7", "Lab_1_sem_7\Lab_1_sem_7.csproj", "{002750EF-82C1-4882-A435-D5C13BA566D0}"
	ProjectSection(ProjectDependencies) = postProject
		{C377DC83-B1B1-412E-91D3-E78663605B68} = {C377DC83-B1B1-412E-91D3-E78663605B68}
		{DE8DC3A7-32F0-4EF3-A339-B78634986086} = {DE8DC3A7-32F0-4EF3-A339-B78634986086}
	EndProjectSection
EndProject
Project("{9A19103F-16F7-4668-BE54-9A1E7A4F7556}") = "NeuralNetworkLibrary", "NeuralNetworkLibrary\NeuralNetworkLibrary.csproj", "{DE8DC3A7-32F0-4EF3-A339-B78634986086}"
	ProjectSection(ProjectDependencies) = postProject
		{C377DC83-B1B1-412E-91D3-E78663605B68} = {C377DC83-B1B1-412E-91D3-E78663605B68}
	EndProjectSection
EndProject
Project("{9A19103F-16F7-4668-BE54-9A1E7A4F7556}") = "DependencyInjectionLibrary", "DependencyInjectionLibrary\DependencyInjectionLibrary.csproj", "{C377DC83-B1B1-412E-91D3-E78663605B68}"
EndProject
Global
	GlobalSection(SolutionConfigurationPlatforms) = preSolution
		Debug|Any CPU = Debug|Any CPU
		Release|Any CPU = Release|Any CPU
	EndGlobalSection
	GlobalSection(ProjectConfigurationPlatforms) = postSolution
		{002750EF-82C1-4882-A435-D5C13BA566D0}.Debug|Any CPU.ActiveCfg = Debug|Any CPU
		{002750EF-82C1-4882-A435-D5C13BA566D0}.Debug|Any CPU.Build.0 = Debug|Any CPU
		{002750EF-82C1-4882-A435-D5C13BA566D0}.Release|Any CPU.ActiveCfg = Release|Any CPU
		{002750EF-82C1-4882-A435-D5C13BA566D0}.Release|Any CPU.Build.0 = Release|Any CPU
		{DE8DC3A7-32F0-4EF3-A339-B78634986086}.Debug|Any CPU.ActiveCfg = Debug|Any CPU
		{DE8DC3A7-32F0-4EF3-A339-B78634986086}.Release|Any CPU.ActiveCfg = Release|Any CPU
		{DE8DC3A7-32F0-4EF3-A339-B78634986086}.Release|Any CPU.Build.0 = Release|Any CPU
		{C377DC83-B1B1-412E-91D3-E78663605B68}.Debug|Any CPU.ActiveCfg = Debug|Any CPU
		{C377DC83-B1B1-412E-91D3-E78663605B68}.Debug|Any CPU.Build.0 = Debug|Any CPU
		{C377DC83-B1B1-412E-91D3-E78663605B68}.Release|Any CPU.ActiveCfg = Release|Any CPU
		{C377DC83-B1B1-412E-91D3-E78663605B68}.Release|Any CPU.Build.0 = Release|Any CPU
	EndGlobalSection
	GlobalSection(SolutionProperties) = preSolution
		HideSolutionNode = FALSE
	EndGlobalSection
	GlobalSection(ExtensibilityGlobals) = postSolution
		SolutionGuid = {177274A3-585F-44FA-ADCF-9775B64E069B}
	EndGlobalSection
EndGlobal
